
Microsoft Visual Studio Solution File, Format Version 12.00
# Visual Studio Version 16
VisualStudioVersion = 16.0.30406.217
MinimumVisualStudioVersion = 10.0.40219.1
Project("{FAE04EC0-301F-11D3-BF4B-00C04F79EFBC}") = "Engine", "Engine\Engine.csproj", "{2FC5AA0B-68CC-4864-8580-4BC377E9408D}"
EndProject
Global
	GlobalSection(SolutionConfigurationPlatforms) = preSolution
		Debug|Any CPU = Debug|Any CPU
		Release|Any CPU = Release|Any CPU
	EndGlobalSection
	GlobalSection(ProjectConfigurationPlatforms) = postSolution
		{2FC5AA0B-68CC-4864-8580-4BC377E9408D}.Debug|Any CPU.ActiveCfg = Debug|Any CPU
		{2FC5AA0B-68CC-4864-8580-4BC377E9408D}.Debug|Any CPU.Build.0 = Debug|Any CPU
		{2FC5AA0B-68CC-4864-8580-4BC377E9408D}.Release|Any CPU.ActiveCfg = Release|Any CPU
		{2FC5AA0B-68CC-4864-8580-4BC377E9408D}.Release|Any CPU.Build.0 = Release|Any CPU
	EndGlobalSection
	GlobalSection(SolutionProperties) = preSolution
		HideSolutionNode = FALSE
	EndGlobalSection
	GlobalSection(ExtensibilityGlobals) = postSolution
		SolutionGuid = {A3B4C8F3-4C7D-441D-BC52-8786D4084877}
	EndGlobalSection
EndGlobal
